
Microsoft Visual Studio Solution File, Format Version 12.00
# Visual Studio Version 16
VisualStudioVersion = 16.0.32106.194
MinimumVisualStudioVersion = 10.0.40219.1
Project("{FAE04EC0-301F-11D3-BF4B-00C04F79EFBC}") = "StringsAndArrays", "StringsAndArrays\StringsAndArrays.csproj", "{1AB92F79-5D59-45E2-B931-E5EBBF076F52}"
EndProject
Project("{FAE04EC0-301F-11D3-BF4B-00C04F79EFBC}") = "FirstOrLast", "FirstOrLast\FirstOrLast.csproj", "{F329B21D-C8FC-4873-8C3F-CF3C95639EBE}"
EndProject
Project("{FAE04EC0-301F-11D3-BF4B-00C04F79EFBC}") = "ACharacterCounter", "ACharacterCounter\ACharacterCounter.csproj", "{92AB273C-3DFE-4B08-B239-E9770CD98716}"
EndProject
Project("{FAE04EC0-301F-11D3-BF4B-00C04F79EFBC}") = "HOLCounter", "HOLCounter\HOLCounter.csproj", "{69CE6D9E-D02E-411E-BC3B-74587EBDFF9B}"
EndProject
Project("{FAE04EC0-301F-11D3-BF4B-00C04F79EFBC}") = "StringReverse", "StringReverse\StringReverse.csproj", "{8BBCF2F0-FF27-4D61-91E9-09BA88546835}"
EndProject
Project("{FAE04EC0-301F-11D3-BF4B-00C04F79EFBC}") = "HelloWorldReversed", "HelloWorldReversed\HelloWorldReversed.csproj", "{45DFB13D-D240-44EA-8037-D73B63A34997}"
EndProject
Project("{FAE04EC0-301F-11D3-BF4B-00C04F79EFBC}") = "StringReplace", "StringReplace\StringReplace.csproj", "{C99C5C1B-81D8-43F3-858E-C26BF237F907}"
EndProject
Project("{FAE04EC0-301F-11D3-BF4B-00C04F79EFBC}") = "DontPanic", "DontPanic\DontPanic.csproj", "{E44AEDBC-A6D7-460D-96C8-D52F5EFDF4D2}"
EndProject
Project("{FAE04EC0-301F-11D3-BF4B-00C04F79EFBC}") = "FruitArray", "FruitArray\FruitArray.csproj", "{2B5D8636-6C68-4901-8534-11CD73EE4E99}"
EndProject
Project("{FAE04EC0-301F-11D3-BF4B-00C04F79EFBC}") = "FortuneTeller", "FortuneTeller\FortuneTeller.csproj", "{FEF297FF-826F-4DD8-80BF-3D0D93CAFD74}"
EndProject
Global
	GlobalSection(SolutionConfigurationPlatforms) = preSolution
		Debug|Any CPU = Debug|Any CPU
		Release|Any CPU = Release|Any CPU
	EndGlobalSection
	GlobalSection(ProjectConfigurationPlatforms) = postSolution
		{1AB92F79-5D59-45E2-B931-E5EBBF076F52}.Debug|Any CPU.ActiveCfg = Debug|Any CPU
		{1AB92F79-5D59-45E2-B931-E5EBBF076F52}.Debug|Any CPU.Build.0 = Debug|Any CPU
		{1AB92F79-5D59-45E2-B931-E5EBBF076F52}.Release|Any CPU.ActiveCfg = Release|Any CPU
		{1AB92F79-5D59-45E2-B931-E5EBBF076F52}.Release|Any CPU.Build.0 = Release|Any CPU
		{F329B21D-C8FC-4873-8C3F-CF3C95639EBE}.Debug|Any CPU.ActiveCfg = Debug|Any CPU
		{F329B21D-C8FC-4873-8C3F-CF3C95639EBE}.Debug|Any CPU.Build.0 = Debug|Any CPU
		{F329B21D-C8FC-4873-8C3F-CF3C95639EBE}.Release|Any CPU.ActiveCfg = Release|Any CPU
		{F329B21D-C8FC-4873-8C3F-CF3C95639EBE}.Release|Any CPU.Build.0 = Release|Any CPU
		{92AB273C-3DFE-4B08-B239-E9770CD98716}.Debug|Any CPU.ActiveCfg = Debug|Any CPU
		{92AB273C-3DFE-4B08-B239-E9770CD98716}.Debug|Any CPU.Build.0 = Debug|Any CPU
		{92AB273C-3DFE-4B08-B239-E9770CD98716}.Release|Any CPU.ActiveCfg = Release|Any CPU
		{92AB273C-3DFE-4B08-B239-E9770CD98716}.Release|Any CPU.Build.0 = Release|Any CPU
		{69CE6D9E-D02E-411E-BC3B-74587EBDFF9B}.Debug|Any CPU.ActiveCfg = Debug|Any CPU
		{69CE6D9E-D02E-411E-BC3B-74587EBDFF9B}.Debug|Any CPU.Build.0 = Debug|Any CPU
		{69CE6D9E-D02E-411E-BC3B-74587EBDFF9B}.Release|Any CPU.ActiveCfg = Release|Any CPU
		{69CE6D9E-D02E-411E-BC3B-74587EBDFF9B}.Release|Any CPU.Build.0 = Release|Any CPU
		{8BBCF2F0-FF27-4D61-91E9-09BA88546835}.Debug|Any CPU.ActiveCfg = Debug|Any CPU
		{8BBCF2F0-FF27-4D61-91E9-09BA88546835}.Debug|Any CPU.Build.0 = Debug|Any CPU
		{8BBCF2F0-FF27-4D61-91E9-09BA88546835}.Release|Any CPU.ActiveCfg = Release|Any CPU
		{8BBCF2F0-FF27-4D61-91E9-09BA88546835}.Release|Any CPU.Build.0 = Release|Any CPU
		{45DFB13D-D240-44EA-8037-D73B63A34997}.Debug|Any CPU.ActiveCfg = Debug|Any CPU
		{45DFB13D-D240-44EA-8037-D73B63A34997}.Debug|Any CPU.Build.0 = Debug|Any CPU
		{45DFB13D-D240-44EA-8037-D73B63A34997}.Release|Any CPU.ActiveCfg = Release|Any CPU
		{45DFB13D-D240-44EA-8037-D73B63A34997}.Release|Any CPU.Build.0 = Release|Any CPU
		{C99C5C1B-81D8-43F3-858E-C26BF237F907}.Debug|Any CPU.ActiveCfg = Debug|Any CPU
		{C99C5C1B-81D8-43F3-858E-C26BF237F907}.Debug|Any CPU.Build.0 = Debug|Any CPU
		{C99C5C1B-81D8-43F3-858E-C26BF237F907}.Release|Any CPU.ActiveCfg = Release|Any CPU
		{C99C5C1B-81D8-43F3-858E-C26BF237F907}.Release|Any CPU.Build.0 = Release|Any CPU
		{E44AEDBC-A6D7-460D-96C8-D52F5EFDF4D2}.Debug|Any CPU.ActiveCfg = Debug|Any CPU
		{E44AEDBC-A6D7-460D-96C8-D52F5EFDF4D2}.Debug|Any CPU.Build.0 = Debug|Any CPU
		{E44AEDBC-A6D7-460D-96C8-D52F5EFDF4D2}.Release|Any CPU.ActiveCfg = Release|Any CPU
		{E44AEDBC-A6D7-460D-96C8-D52F5EFDF4D2}.Release|Any CPU.Build.0 = Release|Any CPU
		{2B5D8636-6C68-4901-8534-11CD73EE4E99}.Debug|Any CPU.ActiveCfg = Debug|Any CPU
		{2B5D8636-6C68-4901-8534-11CD73EE4E99}.Debug|Any CPU.Build.0 = Debug|Any CPU
		{2B5D8636-6C68-4901-8534-11CD73EE4E99}.Release|Any CPU.ActiveCfg = Release|Any CPU
		{2B5D8636-6C68-4901-8534-11CD73EE4E99}.Release|Any CPU.Build.0 = Release|Any CPU
		{FEF297FF-826F-4DD8-80BF-3D0D93CAFD74}.Debug|Any CPU.ActiveCfg = Debug|Any CPU
		{FEF297FF-826F-4DD8-80BF-3D0D93CAFD74}.Debug|Any CPU.Build.0 = Debug|Any CPU
		{FEF297FF-826F-4DD8-80BF-3D0D93CAFD74}.Release|Any CPU.ActiveCfg = Release|Any CPU
		{FEF297FF-826F-4DD8-80BF-3D0D93CAFD74}.Release|Any CPU.Build.0 = Release|Any CPU
	EndGlobalSection
	GlobalSection(SolutionProperties) = preSolution
		HideSolutionNode = FALSE
	EndGlobalSection
	GlobalSection(ExtensibilityGlobals) = postSolution
		SolutionGuid = {47F3E2F1-EF98-4BFE-8CC1-5AD87EF0B7CB}
	EndGlobalSection
EndGlobal
